
Microsoft Visual Studio Solution File, Format Version 12.00
# Visual Studio 15
VisualStudioVersion = 15.0.27703.2035
MinimumVisualStudioVersion = 10.0.40219.1
Project("{FAE04EC0-301F-11D3-BF4B-00C04F79EFBC}") = "UnitConversionUpdate", "UnitConversionUpdate\UnitConversionUpdate.csproj", "{F907A4E3-F7AE-4D21-8B43-E64F78382846}"
EndProject
Global
	GlobalSection(SolutionConfigurationPlatforms) = preSolution
		Debug|Any CPU = Debug|Any CPU
		Release|Any CPU = Release|Any CPU
	EndGlobalSection
	GlobalSection(ProjectConfigurationPlatforms) = postSolution
		{F907A4E3-F7AE-4D21-8B43-E64F78382846}.Debug|Any CPU.ActiveCfg = Debug|Any CPU
		{F907A4E3-F7AE-4D21-8B43-E64F78382846}.Debug|Any CPU.Build.0 = Debug|Any CPU
		{F907A4E3-F7AE-4D21-8B43-E64F78382846}.Release|Any CPU.ActiveCfg = Release|Any CPU
		{F907A4E3-F7AE-4D21-8B43-E64F78382846}.Release|Any CPU.Build.0 = Release|Any CPU
	EndGlobalSection
	GlobalSection(SolutionProperties) = preSolution
		HideSolutionNode = FALSE
	EndGlobalSection
	GlobalSection(ExtensibilityGlobals) = postSolution
		SolutionGuid = {B247BFEB-1090-45F7-81DA-ED95184CBF00}
	EndGlobalSection
EndGlobal
